
Microsoft Visual Studio Solution File, Format Version 12.00
# Visual Studio Version 17
VisualStudioVersion = 17.11.35312.102
MinimumVisualStudioVersion = 10.0.40219.1
Project("{FAE04EC0-301F-11D3-BF4B-00C04F79EFBC}") = "JSBilling", "JSBilling.csproj", "{DBCCFF1D-A89B-407B-8C49-7C085048ECA6}"
EndProject
Global
	GlobalSection(SolutionConfigurationPlatforms) = preSolution
		Debug|Any CPU = Debug|Any CPU
		Release|Any CPU = Release|Any CPU
	EndGlobalSection
	GlobalSection(ProjectConfigurationPlatforms) = postSolution
		{DBCCFF1D-A89B-407B-8C49-7C085048ECA6}.Debug|Any CPU.ActiveCfg = Debug|Any CPU
		{DBCCFF1D-A89B-407B-8C49-7C085048ECA6}.Debug|Any CPU.Build.0 = Debug|Any CPU
		{DBCCFF1D-A89B-407B-8C49-7C085048ECA6}.Release|Any CPU.ActiveCfg = Release|Any CPU
		{DBCCFF1D-A89B-407B-8C49-7C085048ECA6}.Release|Any CPU.Build.0 = Release|Any CPU
	EndGlobalSection
	GlobalSection(SolutionProperties) = preSolution
		HideSolutionNode = FALSE
	EndGlobalSection
	GlobalSection(ExtensibilityGlobals) = postSolution
		SolutionGuid = {8D31A724-3C94-46DE-8011-6F0DB1AD7D8C}
	EndGlobalSection
EndGlobal
